
Microsoft Visual Studio Solution File, Format Version 11.00
# Visual Studio 2010
Project("{FAE04EC0-301F-11D3-BF4B-00C04F79EFBC}") = "SqlClrUtils", "SqlClrUtils\SqlClrUtils.csproj", "{7FAF1B17-BB0A-4D19-8523-94B49152BBE0}"
EndProject
Global
	GlobalSection(SolutionConfigurationPlatforms) = preSolution
		Debug|Any CPU = Debug|Any CPU
		Release|Any CPU = Release|Any CPU
	EndGlobalSection
	GlobalSection(ProjectConfigurationPlatforms) = postSolution
		{7FAF1B17-BB0A-4D19-8523-94B49152BBE0}.Debug|Any CPU.ActiveCfg = Debug|Any CPU
		{7FAF1B17-BB0A-4D19-8523-94B49152BBE0}.Debug|Any CPU.Build.0 = Debug|Any CPU
		{7FAF1B17-BB0A-4D19-8523-94B49152BBE0}.Debug|Any CPU.Deploy.0 = Debug|Any CPU
		{7FAF1B17-BB0A-4D19-8523-94B49152BBE0}.Release|Any CPU.ActiveCfg = Release|Any CPU
		{7FAF1B17-BB0A-4D19-8523-94B49152BBE0}.Release|Any CPU.Build.0 = Release|Any CPU
		{7FAF1B17-BB0A-4D19-8523-94B49152BBE0}.Release|Any CPU.Deploy.0 = Release|Any CPU
	EndGlobalSection
	GlobalSection(SolutionProperties) = preSolution
		HideSolutionNode = FALSE
	EndGlobalSection
EndGlobal
